
Microsoft Visual Studio Solution File, Format Version 12.00
# Visual Studio Version 17
VisualStudioVersion = 17.13.35818.85
MinimumVisualStudioVersion = 10.0.40219.1
Project("{8BC9CEB8-8B4A-11D0-8D11-00A0C91BC942}") = "HW-OOP-1", "HW-OOP-1\HW-OOP-1.vcxproj", "{A45AD0BF-427B-443F-BD07-452DFF717D30}"
EndProject
Project("{8BC9CEB8-8B4A-11D0-8D11-00A0C91BC942}") = "HW-OOP-2", "HW-OOP-2\HW-OOP-2.vcxproj", "{541B0134-8A20-44AF-8297-2606530AB977}"
EndProject
Project("{8BC9CEB8-8B4A-11D0-8D11-00A0C91BC942}") = "HW-OOP-3", "HW-OOP-3\HW-OOP-3.vcxproj", "{E7D98F41-60E4-4B1C-9676-22F15824BA31}"
EndProject
Project("{8BC9CEB8-8B4A-11D0-8D11-00A0C91BC942}") = "HW-OOP-3-1", "HW-3-1\HW-3-1.vcxproj", "{CE26D06F-A824-4351-A635-E4B18351A8FA}"
EndProject
Project("{8BC9CEB8-8B4A-11D0-8D11-00A0C91BC942}") = "HW-OOP-4", "HW-OOP-4\HW-OOP-4.vcxproj", "{D070EB9B-864B-443C-913F-4DA4220137FD}"
EndProject
Project("{8BC9CEB8-8B4A-11D0-8D11-00A0C91BC942}") = "HW-OOP-4-1", "HW-OOP-4-1\HW-OOP-4-1.vcxproj", "{367CF1A4-4400-4FF2-B2E0-26DAF537238A}"
EndProject
Project("{8BC9CEB8-8B4A-11D0-8D11-00A0C91BC942}") = "HW-OOP-5", "HW-OOP-5\HW-OOP-5.vcxproj", "{5AA9EE16-E864-4592-9E7C-2C6C569E4183}"
EndProject
Project("{8BC9CEB8-8B4A-11D0-8D11-00A0C91BC942}") = "HW-OOP-5-1", "HW-OOP-5-1\HW-OOP-5-1.vcxproj", "{270076E7-AA83-41AA-9489-6F94DA6BB2B1}"
EndProject
Global
	GlobalSection(SolutionConfigurationPlatforms) = preSolution
		Debug|x64 = Debug|x64
		Debug|x86 = Debug|x86
		Release|x64 = Release|x64
		Release|x86 = Release|x86
	EndGlobalSection
	GlobalSection(ProjectConfigurationPlatforms) = postSolution
		{A45AD0BF-427B-443F-BD07-452DFF717D30}.Debug|x64.ActiveCfg = Debug|x64
		{A45AD0BF-427B-443F-BD07-452DFF717D30}.Debug|x64.Build.0 = Debug|x64
		{A45AD0BF-427B-443F-BD07-452DFF717D30}.Debug|x86.ActiveCfg = Debug|Win32
		{A45AD0BF-427B-443F-BD07-452DFF717D30}.Debug|x86.Build.0 = Debug|Win32
		{A45AD0BF-427B-443F-BD07-452DFF717D30}.Release|x64.ActiveCfg = Release|x64
		{A45AD0BF-427B-443F-BD07-452DFF717D30}.Release|x64.Build.0 = Release|x64
		{A45AD0BF-427B-443F-BD07-452DFF717D30}.Release|x86.ActiveCfg = Release|Win32
		{A45AD0BF-427B-443F-BD07-452DFF717D30}.Release|x86.Build.0 = Release|Win32
		{541B0134-8A20-44AF-8297-2606530AB977}.Debug|x64.ActiveCfg = Debug|x64
		{541B0134-8A20-44AF-8297-2606530AB977}.Debug|x64.Build.0 = Debug|x64
		{541B0134-8A20-44AF-8297-2606530AB977}.Debug|x86.ActiveCfg = Debug|Win32
		{541B0134-8A20-44AF-8297-2606530AB977}.Debug|x86.Build.0 = Debug|Win32
		{541B0134-8A20-44AF-8297-2606530AB977}.Release|x64.ActiveCfg = Release|x64
		{541B0134-8A20-44AF-8297-2606530AB977}.Release|x64.Build.0 = Release|x64
		{541B0134-8A20-44AF-8297-2606530AB977}.Release|x86.ActiveCfg = Release|Win32
		{541B0134-8A20-44AF-8297-2606530AB977}.Release|x86.Build.0 = Release|Win32
		{E7D98F41-60E4-4B1C-9676-22F15824BA31}.Debug|x64.ActiveCfg = Debug|x64
		{E7D98F41-60E4-4B1C-9676-22F15824BA31}.Debug|x64.Build.0 = Debug|x64
		{E7D98F41-60E4-4B1C-9676-22F15824BA31}.Debug|x86.ActiveCfg = Debug|Win32
		{E7D98F41-60E4-4B1C-9676-22F15824BA31}.Debug|x86.Build.0 = Debug|Win32
		{E7D98F41-60E4-4B1C-9676-22F15824BA31}.Release|x64.ActiveCfg = Release|x64
		{E7D98F41-60E4-4B1C-9676-22F15824BA31}.Release|x64.Build.0 = Release|x64
		{E7D98F41-60E4-4B1C-9676-22F15824BA31}.Release|x86.ActiveCfg = Release|Win32
		{E7D98F41-60E4-4B1C-9676-22F15824BA31}.Release|x86.Build.0 = Release|Win32
		{CE26D06F-A824-4351-A635-E4B18351A8FA}.Debug|x64.ActiveCfg = Debug|x64
		{CE26D06F-A824-4351-A635-E4B18351A8FA}.Debug|x64.Build.0 = Debug|x64
		{CE26D06F-A824-4351-A635-E4B18351A8FA}.Debug|x86.ActiveCfg = Debug|Win32
		{CE26D06F-A824-4351-A635-E4B18351A8FA}.Debug|x86.Build.0 = Debug|Win32
		{CE26D06F-A824-4351-A635-E4B18351A8FA}.Release|x64.ActiveCfg = Release|x64
		{CE26D06F-A824-4351-A635-E4B18351A8FA}.Release|x64.Build.0 = Release|x64
		{CE26D06F-A824-4351-A635-E4B18351A8FA}.Release|x86.ActiveCfg = Release|Win32
		{CE26D06F-A824-4351-A635-E4B18351A8FA}.Release|x86.Build.0 = Release|Win32
		{D070EB9B-864B-443C-913F-4DA4220137FD}.Debug|x64.ActiveCfg = Debug|x64
		{D070EB9B-864B-443C-913F-4DA4220137FD}.Debug|x64.Build.0 = Debug|x64
		{D070EB9B-864B-443C-913F-4DA4220137FD}.Debug|x86.ActiveCfg = Debug|Win32
		{D070EB9B-864B-443C-913F-4DA4220137FD}.Debug|x86.Build.0 = Debug|Win32
		{D070EB9B-864B-443C-913F-4DA4220137FD}.Release|x64.ActiveCfg = Release|x64
		{D070EB9B-864B-443C-913F-4DA4220137FD}.Release|x64.Build.0 = Release|x64
		{D070EB9B-864B-443C-913F-4DA4220137FD}.Release|x86.ActiveCfg = Release|Win32
		{D070EB9B-864B-443C-913F-4DA4220137FD}.Release|x86.Build.0 = Release|Win32
		{367CF1A4-4400-4FF2-B2E0-26DAF537238A}.Debug|x64.ActiveCfg = Debug|x64
		{367CF1A4-4400-4FF2-B2E0-26DAF537238A}.Debug|x64.Build.0 = Debug|x64
		{367CF1A4-4400-4FF2-B2E0-26DAF537238A}.Debug|x86.ActiveCfg = Debug|Win32
		{367CF1A4-4400-4FF2-B2E0-26DAF537238A}.Debug|x86.Build.0 = Debug|Win32
		{367CF1A4-4400-4FF2-B2E0-26DAF537238A}.Release|x64.ActiveCfg = Release|x64
		{367CF1A4-4400-4FF2-B2E0-26DAF537238A}.Release|x64.Build.0 = Release|x64
		{367CF1A4-4400-4FF2-B2E0-26DAF537238A}.Release|x86.ActiveCfg = Release|Win32
		{367CF1A4-4400-4FF2-B2E0-26DAF537238A}.Release|x86.Build.0 = Release|Win32
		{5AA9EE16-E864-4592-9E7C-2C6C569E4183}.Debug|x64.ActiveCfg = Debug|x64
		{5AA9EE16-E864-4592-9E7C-2C6C569E4183}.Debug|x64.Build.0 = Debug|x64
		{5AA9EE16-E864-4592-9E7C-2C6C569E4183}.Debug|x86.ActiveCfg = Debug|Win32
		{5AA9EE16-E864-4592-9E7C-2C6C569E4183}.Debug|x86.Build.0 = Debug|Win32
		{5AA9EE16-E864-4592-9E7C-2C6C569E4183}.Release|x64.ActiveCfg = Release|x64
		{5AA9EE16-E864-4592-9E7C-2C6C569E4183}.Release|x64.Build.0 = Release|x64
		{5AA9EE16-E864-4592-9E7C-2C6C569E4183}.Release|x86.ActiveCfg = Release|Win32
		{5AA9EE16-E864-4592-9E7C-2C6C569E4183}.Release|x86.Build.0 = Release|Win32
		{270076E7-AA83-41AA-9489-6F94DA6BB2B1}.Debug|x64.ActiveCfg = Debug|x64
		{270076E7-AA83-41AA-9489-6F94DA6BB2B1}.Debug|x64.Build.0 = Debug|x64
		{270076E7-AA83-41AA-9489-6F94DA6BB2B1}.Debug|x86.ActiveCfg = Debug|Win32
		{270076E7-AA83-41AA-9489-6F94DA6BB2B1}.Debug|x86.Build.0 = Debug|Win32
		{270076E7-AA83-41AA-9489-6F94DA6BB2B1}.Release|x64.ActiveCfg = Release|x64
		{270076E7-AA83-41AA-9489-6F94DA6BB2B1}.Release|x64.Build.0 = Release|x64
		{270076E7-AA83-41AA-9489-6F94DA6BB2B1}.Release|x86.ActiveCfg = Release|Win32
		{270076E7-AA83-41AA-9489-6F94DA6BB2B1}.Release|x86.Build.0 = Release|Win32
	EndGlobalSection
	GlobalSection(SolutionProperties) = preSolution
		HideSolutionNode = FALSE
	EndGlobalSection
	GlobalSection(ExtensibilityGlobals) = postSolution
		SolutionGuid = {3E395333-6F66-4EE9-A916-2F67DEFCDA84}
	EndGlobalSection
EndGlobal
